
Microsoft Visual Studio Solution File, Format Version 12.00
# Visual Studio Version 17
VisualStudioVersion = 17.11.35312.102
MinimumVisualStudioVersion = 10.0.40219.1
Project("{9A19103F-16F7-4668-BE54-9A1E7A4F7556}") = "consumer", "src\consumer.csproj", "{99527F63-4455-489F-9C4D-1F8CC7C45C9F}"
EndProject
Project("{9A19103F-16F7-4668-BE54-9A1E7A4F7556}") = "tests", "tests\tests.csproj", "{60E0EF66-1076-4DE3-8988-6BA8B77C5E18}"
EndProject
Project("{2150E333-8FDC-42A3-9474-1A3956D46DE8}") = "Solution Items", "Solution Items", "{CD27837E-571E-4E92-9506-4C70E4E355F2}"
	ProjectSection(SolutionItems) = preProject
		..\..\.gitlab-ci.yml = ..\..\.gitlab-ci.yml
	EndProjectSection
EndProject
Global
	GlobalSection(SolutionConfigurationPlatforms) = preSolution
		Debug|Any CPU = Debug|Any CPU
		Release|Any CPU = Release|Any CPU
	EndGlobalSection
	GlobalSection(ProjectConfigurationPlatforms) = postSolution
		{99527F63-4455-489F-9C4D-1F8CC7C45C9F}.Debug|Any CPU.ActiveCfg = Debug|Any CPU
		{99527F63-4455-489F-9C4D-1F8CC7C45C9F}.Debug|Any CPU.Build.0 = Debug|Any CPU
		{99527F63-4455-489F-9C4D-1F8CC7C45C9F}.Release|Any CPU.ActiveCfg = Release|Any CPU
		{99527F63-4455-489F-9C4D-1F8CC7C45C9F}.Release|Any CPU.Build.0 = Release|Any CPU
		{60E0EF66-1076-4DE3-8988-6BA8B77C5E18}.Debug|Any CPU.ActiveCfg = Debug|Any CPU
		{60E0EF66-1076-4DE3-8988-6BA8B77C5E18}.Debug|Any CPU.Build.0 = Debug|Any CPU
		{60E0EF66-1076-4DE3-8988-6BA8B77C5E18}.Release|Any CPU.ActiveCfg = Release|Any CPU
		{60E0EF66-1076-4DE3-8988-6BA8B77C5E18}.Release|Any CPU.Build.0 = Release|Any CPU
	EndGlobalSection
	GlobalSection(SolutionProperties) = preSolution
		HideSolutionNode = FALSE
	EndGlobalSection
	GlobalSection(ExtensibilityGlobals) = postSolution
		SolutionGuid = {71B8C0F2-AD17-4638-8709-503FDDA6903A}
	EndGlobalSection
EndGlobal
